github.com/adamzy/cedar-go v0.0.0-20170805034717-80a9c64b256d h1:ir/IFJU5xbja5UaBEQLjcvn7aAU01nqU/NUyOBEU+ew=
github.com/adamzy/cedar-go v0.0.0-20170805034717-80a9c64b256d/go.mod h1:PRWNwWq0yifz6XDPZu48aSld8BWwBfr2JKB2bGWiEd4=
github.com/axgle/mahonia v0.0.0-20180208002826-3358181d7394 h1:OYA+5W64v3OgClL+IrOD63t4i/RW7RqrAVl9LTZ9UqQ=
github.com/axgle/mahonia v0.0.0-20180208002826-3358181d7394/go.mod h1:Q8n74mJTIgjX4RBBcHnJ05h//6/k6foqmgE45jTQtxg=
github.com/chennqqi/chardet v0.0.0-20161007034103-ae230b79a1bb h1:yLw3LVjt/1K2P4fLtrEAaC0jJRLMEQNIIxOTeA+QK/w=
github.com/chennqqi/chardet v0.0.0-20161007034103-ae230b79a1bb/go.mod h1:4PE/z4MAxJHLMAnv4qY7kCVaCgqRjyp0KA6dZN0tpb0=
github.com/davecgh/go-spew v1.1.0 h1:ZDRjVQ15GmhC3fiQ8ni8+OwkZQO4DARzQgrnXU1Liz8=
github.com/davecgh/go-spew v1.1.0/go.mod h1:J7Y8YcW2NihsgmVo/mv3lAwl/skON4iLHjSsI+c5H38=
github.com/deckarep/golang-set v1.7.1 h1:SCQV0S6gTtp6itiFrTqI+pfmJ4LN85S1YzhDf9rTHJQ=
github.com/deckarep/golang-set v1.7.1/go.mod h1:93vsz/8Wt4joVM7c2AVqh+YRMiUSc14yDtF28KmMOgQ=
github.com/eknkc/basex v1.0.0 h1:R2zGRGJAcqEES03GqHU9leUF5n4Pg6ahazPbSTQWCWc=
github.com/eknkc/basex v1.0.0/go.mod h1:k/F/exNEHFdbs3ZHuasoP2E7zeWwZblG84Y7Z59vQRo=
github.com/gogs/chardet v0.0.0-20191104214054-4b6791f73a28 h1:gBeyun7mySAKWg7Fb0GOcv0upX9bdaZScs8QcRo8mEY=
github.com/gogs/chardet v0.0.0-20191104214054-4b6791f73a28/go.mod h1:Pcatq5tYkCW2Q6yrR2VRHlbHpZ/R4/7qyL1TCF7vl14=
github.com/hi20160616/gears v0.0.0-20201201083715-3454c2a9d4d7 h1:qbSSGe83L/cW02MmUfsnohrEjQphzKyahDhUH7OHR20=
github.com/hi20160616/gears v0.0.0-20201201083715-3454c2a9d4d7/go.mod h1:37KXh1jB9KVMkC37xWtvbJrf97DB0pWVw86sa01BaaQ=
github.com/liuzl/cedar-go v0.0.0-20170805034717-80a9c64b256d h1:qSmEGTgjkESUX5kPMSGJ4pcBUtYVDdkNzMrjQyvRvp0=
github.com/liuzl/cedar-go v0.0.0-20170805034717-80a9c64b256d/go.mod h1:x7SghIWwLVcJObXbjK7S2ENsT1cAcdJcPl7dRaSFog0=
github.com/liuzl/da v0.0.0-20180704015230-14771aad5b1d h1:hTRDIpJ1FjS9ULJuEzu69n3qTgc18eI+ztw/pJv47hs=
github.com/liuzl/da v0.0.0-20180704015230-14771aad5b1d/go.mod h1:7xD3p0XnHvJFQ3t/stEJd877CSIMkH/fACVWen5pYnc=
github.com/liuzl/gocc v0.0.0-20200216023908-f8cb162baf44 h1:dS9TABScMvCthx7hMQ9yJ2gbkTMPKmr4GyZqxPGvIf0=
github.com/liuzl/gocc v0.0.0-20200216023908-f8cb162baf44/go.mod h1:WOmJMC+oEvNwrENQx2G4TAh2FNRTSciRT/8MSlkBzLk=
github.com/liuzl/goutil v0.0.0-20210303151450-fd3cf96f777c h1:lyABeKWRffsOV6doz2nd+zqhie3NQ7a9/cTeO6hoPio=
github.com/liuzl/goutil v0.0.0-20210303151450-fd3cf96f777c/go.mod h1:bs5NOyZVxtkxzxw2wWhglhguMUE7PesJQ3TcaFNxWcU=
github.com/pkg/errors v0.9.1 h1:FEBLx1zS214owpjy7qsBeixbURkuhQAwrK5UwLGTwt4=
github.com/pkg/errors v0.9.1/go.mod h1:bwawxfHBFNV+L2hUp1rHADufV3IMtnDRdf1r5NINEl0=
github.com/pmezard/go-difflib v1.0.0 h1:4DBwDE0NGyQoBHbLQYPwSUPoCMWR5BEzIk/f1lZbAQM=
github.com/pmezard/go-difflib v1.0.0/go.mod h1:iKH77koFhYxTK1pcRnkKkqfTogsbg7gZNVY4sRDYZ/4=
github.com/stretchr/objx v0.1.0/go.mod h1:HFkY916IF+rwdDfMAkV7OtwuqBVzrE8GR6GFx+wExME=
github.com/stretchr/testify v1.7.0 h1:nwc3DEeHmmLAfoZucVR881uASk0Mfjw8xYJ99tb5CcY=
github.com/stretchr/testify v1.7.0/go.mod h1:6Fq8oRcR53rry900zMqJjRRixrwX3KX962/h/Wwjteg=
golang.org/x/text v0.3.2 h1:tW2bmiBqwgJj/UpqtC8EpXEZVYOwU0yG4iWbprSVAcs=
golang.org/x/text v0.3.2/go.mod h1:bEr9sfX3Q8Zfm5fL9x+3itogRgK3+ptLWKqgva+5dAk=
golang.org/x/tools v0.0.0-20180917221912-90fa682c2a6e/go.mod h1:n7NCudcB/nEzxVGmLbDWY5pfWTLqBcC2KZ6jyYvM4mQ=
gopkg.in/check.v1 v0.0.0-20161208181325-20d25e280405 h1:yhCVgyC4o1eVCa2tZl7eS0r+SDo693bJlVdllGtEeKM=
gopkg.in/check.v1 v0.0.0-20161208181325-20d25e280405/go.mod h1:Co6ibVJAznAaIkqp8huTwlJQCZ016jof/cbN4VW5Yz0=
gopkg.in/yaml.v3 v3.0.0-20200313102051-9f266ea9e77c h1:dUUwHk2QECo/6vqA44rthZ8ie2QXMNeKRTHCNY2nXvo=
gopkg.in/yaml.v3 v3.0.0-20200313102051-9f266ea9e77c/go.mod h1:K4uyk7z7BCEPqu6E+C64Yfv1cQ7kz7rIZviUmN+EgEM=
